
Microsoft Visual Studio Solution File, Format Version 12.00
# Visual Studio Version 16
VisualStudioVersion = 16.0.30330.147
MinimumVisualStudioVersion = 10.0.40219.1
Project("{FAE04EC0-301F-11D3-BF4B-00C04F79EFBC}") = "WpfExample", "WpfExample\WpfExample.csproj", "{5105AC1B-3E02-44C5-8D13-7C966AFF8B26}"
EndProject
Global
	GlobalSection(SolutionConfigurationPlatforms) = preSolution
		Debug|Any CPU = Debug|Any CPU
		Release|Any CPU = Release|Any CPU
	EndGlobalSection
	GlobalSection(ProjectConfigurationPlatforms) = postSolution
		{5105AC1B-3E02-44C5-8D13-7C966AFF8B26}.Debug|Any CPU.ActiveCfg = Debug|Any CPU
		{5105AC1B-3E02-44C5-8D13-7C966AFF8B26}.Debug|Any CPU.Build.0 = Debug|Any CPU
		{5105AC1B-3E02-44C5-8D13-7C966AFF8B26}.Release|Any CPU.ActiveCfg = Release|Any CPU
		{5105AC1B-3E02-44C5-8D13-7C966AFF8B26}.Release|Any CPU.Build.0 = Release|Any CPU
	EndGlobalSection
	GlobalSection(SolutionProperties) = preSolution
		HideSolutionNode = FALSE
	EndGlobalSection
	GlobalSection(ExtensibilityGlobals) = postSolution
		SolutionGuid = {285BBE6F-EB07-404E-A359-3DC72905CA6D}
	EndGlobalSection
EndGlobal
